<?xml version="1.0" encoding="UTF-8"?>
<!DOCTYPE plist PUBLIC "-//Apple//DTD PLIST 1.0//EN" "http://www.apple.com/DTDs/PropertyList-1.0.dtd">
<plist version="1.0">
<dict>
	<key>archiveVersion</key>
	<string>1</string>
	<key>classes</key>
	<dict/>
	<key>objectVersion</key>
	<string>77</string>
	<key>objects</key>
	<dict>
		<key>00ADE5E2BB4C30EAEC707B14</key>
		<dict>
			<key>attributes</key>
			<dict>
				<key>BuildIndependentTargetsInParallel</key>
				<string>YES</string>
				<key>LastUpgradeCheck</key>
				<string>1500</string>
				<key>TargetAttributes</key>
				<dict/>
			</dict>
			<key>buildConfigurationList</key>
			<string>B22B28C799CDFB436AB86CBA</string>
			<key>developmentRegion</key>
			<string>en</string>
			<key>hasScannedForEncodings</key>
			<string>0</string>
			<key>isa</key>
			<string>PBXProject</string>
			<key>knownRegions</key>
			<array>
				<string>Base</string>
				<string>en</string>
			</array>
			<key>mainGroup</key>
			<string>BD04DA7A946A6D86798A3E16</string>
			<key>minimizedProjectReferenceProxies</key>
			<string>1</string>
			<key>preferredProjectObjectVersion</key>
			<string>77</string>
			<key>productRefGroup</key>
			<string>44E577B1D3AAD6A8670F14AA</string>
			<key>projectDirPath</key>
			<string></string>
			<key>projectRoot</key>
			<string></string>
			<key>targets</key>
			<array>
				<string>2FB94024EA622B971B657625</string>
			</array>
		</dict>
		<key>0121508CB09A6A274CA54042</key>
		<dict>
			<key>isa</key>
			<string>PBXFileReference</string>
			<key>lastKnownFileType</key>
			<string>sourcecode.swift</string>
			<key>path</key>
			<string>PetStateMapper.swift</string>
			<key>sourceTree</key>
			<string>&lt;group&gt;</string>
		</dict>
		<key>0174E6623847CB205FAF88D3</key>
		<dict>
			<key>buildSettings</key>
			<dict>
				<key>ALWAYS_SEARCH_USER_PATHS</key>
				<string>NO</string>
				<key>CLANG_ANALYZER_NONNULL</key>
				<string>YES</string>
				<key>CLANG_ANALYZER_NUMBER_OBJECT_CONVERSION</key>
				<string>YES_AGGRESSIVE</string>
				<key>CLANG_CXX_LANGUAGE_STANDARD</key>
				<string>gnu++14</string>
				<key>CLANG_CXX_LIBRARY</key>
				<string>libc++</string>
				<key>CLANG_ENABLE_MODULES</key>
				<string>YES</string>
				<key>CLANG_ENABLE_OBJC_ARC</key>
				<string>YES</string>
				<key>CLANG_ENABLE_OBJC_WEAK</key>
				<string>YES</string>
				<key>CLANG_WARN_BLOCK_CAPTURE_AUTORELEASING</key>
				<string>YES</string>
				<key>CLANG_WARN_BOOL_CONVERSION</key>
				<string>YES</string>
				<key>CLANG_WARN_COMMA</key>
				<string>YES</string>
				<key>CLANG_WARN_CONSTANT_CONVERSION</key>
				<string>YES</string>
				<key>CLANG_WARN_DEPRECATED_OBJC_IMPLEMENTATIONS</key>
				<string>YES</string>
				<key>CLANG_WARN_DIRECT_OBJC_ISA_USAGE</key>
				<string>YES_ERROR</string>
				<key>CLANG_WARN_DOCUMENTATION_COMMENTS</key>
				<string>YES</string>
				<key>CLANG_WARN_EMPTY_BODY</key>
				<string>YES</string>
				<key>CLANG_WARN_ENUM_CONVERSION</key>
				<string>YES</string>
				<key>CLANG_WARN_INFINITE_RECURSION</key>
				<string>YES</string>
				<key>CLANG_WARN_INT_CONVERSION</key>
				<string>YES</string>
				<key>CLANG_WARN_NON_LITERAL_NULL_CONVERSION</key>
				<string>YES</string>
				<key>CLANG_WARN_OBJC_IMPLICIT_RETAIN_SELF</key>
				<string>YES</string>
				<key>CLANG_WARN_OBJC_LITERAL_CONVERSION</key>
				<string>YES</string>
				<key>CLANG_WARN_OBJC_ROOT_CLASS</key>
				<string>YES_ERROR</string>
				<key>CLANG_WARN_QUOTED_INCLUDE_IN_FRAMEWORK_HEADER</key>
				<string>YES</string>
				<key>CLANG_WARN_RANGE_LOOP_ANALYSIS</key>
				<string>YES</string>
				<key>CLANG_WARN_STRICT_PROTOTYPES</key>
				<string>YES</string>
				<key>CLANG_WARN_SUSPICIOUS_MOVE</key>
				<string>YES</string>
				<key>CLANG_WARN_UNGUARDED_AVAILABILITY</key>
				<string>YES_AGGRESSIVE</string>
				<key>CLANG_WARN_UNREACHABLE_CODE</key>
				<string>YES</string>
				<key>CLANG_WARN__DUPLICATE_METHOD_MATCH</key>
				<string>YES</string>
				<key>CODE_SIGNING_REQUIRED</key>
				<string>NO</string>
				<key>CODE_SIGN_IDENTITY</key>
				<string>-</string>
				<key>COPY_PHASE_STRIP</key>
				<string>NO</string>
				<key>DEBUG_INFORMATION_FORMAT</key>
				<string>dwarf</string>
				<key>ENABLE_STRICT_OBJC_MSGSEND</key>
				<string>YES</string>
				<key>ENABLE_TESTABILITY</key>
				<string>YES</string>
				<key>GCC_C_LANGUAGE_STANDARD</key>
				<string>gnu11</string>
				<key>GCC_DYNAMIC_NO_PIC</key>
				<string>NO</string>
				<key>GCC_NO_COMMON_BLOCKS</key>
				<string>YES</string>
				<key>GCC_OPTIMIZATION_LEVEL</key>
				<string>0</string>
				<key>GCC_PREPROCESSOR_DEFINITIONS</key>
				<array>
					<string>$(inherited)</string>
					<string>DEBUG=1</string>
				</array>
				<key>GCC_WARN_64_TO_32_BIT_CONVERSION</key>
				<string>YES</string>
				<key>GCC_WARN_ABOUT_RETURN_TYPE</key>
				<string>YES_ERROR</string>
				<key>GCC_WARN_UNDECLARED_SELECTOR</key>
				<string>YES</string>
				<key>GCC_WARN_UNINITIALIZED_AUTOS</key>
				<string>YES_AGGRESSIVE</string>
				<key>GCC_WARN_UNUSED_FUNCTION</key>
				<string>YES</string>
				<key>GCC_WARN_UNUSED_VARIABLE</key>
				<string>YES</string>
				<key>MACOSX_DEPLOYMENT_TARGET</key>
				<string>13.0</string>
				<key>MTL_ENABLE_DEBUG_INFO</key>
				<string>INCLUDE_SOURCE</string>
				<key>MTL_FAST_MATH</key>
				<string>YES</string>
				<key>ONLY_ACTIVE_ARCH</key>
				<string>YES</string>
				<key>PRODUCT_BUNDLE_IDENTIFIER</key>
				<string>com.neptune.app</string>
				<key>PRODUCT_NAME</key>
				<string>$(TARGET_NAME)</string>
				<key>SDKROOT</key>
				<string>macosx</string>
				<key>SWIFT_ACTIVE_COMPILATION_CONDITIONS</key>
				<string>DEBUG</string>
				<key>SWIFT_OPTIMIZATION_LEVEL</key>
				<string>-Onone</string>
				<key>SWIFT_VERSION</key>
				<string>5.9</string>
			</dict>
			<key>isa</key>
			<string>XCBuildConfiguration</string>
			<key>name</key>
			<string>Debug</string>
		</dict>
		<key>057A268310963260913E46FF</key>
		<dict>
			<key>fileRef</key>
			<string>2D554AF17C0E9A74C0557B51</string>
			<key>isa</key>
			<string>PBXBuildFile</string>
		</dict>
		<key>0D6326D37ECD82A51C6BB58C</key>
		<dict>
			<key>buildSettings</key>
			<dict>
				<key>ALWAYS_SEARCH_USER_PATHS</key>
				<string>NO</string>
				<key>CLANG_ANALYZER_NONNULL</key>
				<string>YES</string>
				<key>CLANG_ANALYZER_NUMBER_OBJECT_CONVERSION</key>
				<string>YES_AGGRESSIVE</string>
				<key>CLANG_CXX_LANGUAGE_STANDARD</key>
				<string>gnu++14</string>
				<key>CLANG_CXX_LIBRARY</key>
				<string>libc++</string>
				<key>CLANG_ENABLE_MODULES</key>
				<string>YES</string>
				<key>CLANG_ENABLE_OBJC_ARC</key>
				<string>YES</string>
				<key>CLANG_ENABLE_OBJC_WEAK</key>
				<string>YES</string>
				<key>CLANG_WARN_BLOCK_CAPTURE_AUTORELEASING</key>
				<string>YES</string>
				<key>CLANG_WARN_BOOL_CONVERSION</key>
				<string>YES</string>
				<key>CLANG_WARN_COMMA</key>
				<string>YES</string>
				<key>CLANG_WARN_CONSTANT_CONVERSION</key>
				<string>YES</string>
				<key>CLANG_WARN_DEPRECATED_OBJC_IMPLEMENTATIONS</key>
				<string>YES</string>
				<key>CLANG_WARN_DIRECT_OBJC_ISA_USAGE</key>
				<string>YES_ERROR</string>
				<key>CLANG_WARN_DOCUMENTATION_COMMENTS</key>
				<string>YES</string>
				<key>CLANG_WARN_EMPTY_BODY</key>
				<string>YES</string>
				<key>CLANG_WARN_ENUM_CONVERSION</key>
				<string>YES</string>
				<key>CLANG_WARN_INFINITE_RECURSION</key>
				<string>YES</string>
				<key>CLANG_WARN_INT_CONVERSION</key>
				<string>YES</string>
				<key>CLANG_WARN_NON_LITERAL_NULL_CONVERSION</key>
				<string>YES</string>
				<key>CLANG_WARN_OBJC_IMPLICIT_RETAIN_SELF</key>
				<string>YES</string>
				<key>CLANG_WARN_OBJC_LITERAL_CONVERSION</key>
				<string>YES</string>
				<key>CLANG_WARN_OBJC_ROOT_CLASS</key>
				<string>YES_ERROR</string>
				<key>CLANG_WARN_QUOTED_INCLUDE_IN_FRAMEWORK_HEADER</key>
				<string>YES</string>
				<key>CLANG_WARN_RANGE_LOOP_ANALYSIS</key>
				<string>YES</string>
				<key>CLANG_WARN_STRICT_PROTOTYPES</key>
				<string>YES</string>
				<key>CLANG_WARN_SUSPICIOUS_MOVE</key>
				<string>YES</string>
				<key>CLANG_WARN_UNGUARDED_AVAILABILITY</key>
				<string>YES_AGGRESSIVE</string>
				<key>CLANG_WARN_UNREACHABLE_CODE</key>
				<string>YES</string>
				<key>CLANG_WARN__DUPLICATE_METHOD_MATCH</key>
				<string>YES</string>
				<key>CODE_SIGNING_REQUIRED</key>
				<string>NO</string>
				<key>CODE_SIGN_IDENTITY</key>
				<string>-</string>
				<key>COPY_PHASE_STRIP</key>
				<string>NO</string>
				<key>DEBUG_INFORMATION_FORMAT</key>
				<string>dwarf-with-dsym</string>
				<key>ENABLE_NS_ASSERTIONS</key>
				<string>NO</string>
				<key>ENABLE_STRICT_OBJC_MSGSEND</key>
				<string>YES</string>
				<key>GCC_C_LANGUAGE_STANDARD</key>
				<string>gnu11</string>
				<key>GCC_NO_COMMON_BLOCKS</key>
				<string>YES</string>
				<key>GCC_WARN_64_TO_32_BIT_CONVERSION</key>
				<string>YES</string>
				<key>GCC_WARN_ABOUT_RETURN_TYPE</key>
				<string>YES_ERROR</string>
				<key>GCC_WARN_UNDECLARED_SELECTOR</key>
				<string>YES</string>
				<key>GCC_WARN_UNINITIALIZED_AUTOS</key>
				<string>YES_AGGRESSIVE</string>
				<key>GCC_WARN_UNUSED_FUNCTION</key>
				<string>YES</string>
				<key>GCC_WARN_UNUSED_VARIABLE</key>
				<string>YES</string>
				<key>MACOSX_DEPLOYMENT_TARGET</key>
				<string>13.0</string>
				<key>MTL_ENABLE_DEBUG_INFO</key>
				<string>NO</string>
				<key>MTL_FAST_MATH</key>
				<string>YES</string>
				<key>PRODUCT_BUNDLE_IDENTIFIER</key>
				<string>com.neptune.app</string>
				<key>PRODUCT_NAME</key>
				<string>$(TARGET_NAME)</string>
				<key>SDKROOT</key>
				<string>macosx</string>
				<key>SWIFT_COMPILATION_MODE</key>
				<string>wholemodule</string>
				<key>SWIFT_OPTIMIZATION_LEVEL</key>
				<string>-O</string>
				<key>SWIFT_VERSION</key>
				<string>5.9</string>
			</dict>
			<key>isa</key>
			<string>XCBuildConfiguration</string>
			<key>name</key>
			<string>Release</string>
		</dict>
		<key>0F375CD7FDA08B4B46199BFB</key>
		<dict>
			<key>buildConfigurations</key>
			<array>
				<string>1AB1DC449D703CBB26A3F617</string>
				<string>A736DEC470A704C2EBD17B47</string>
			</array>
			<key>defaultConfigurationIsVisible</key>
			<string>0</string>
			<key>defaultConfigurationName</key>
			<string>Debug</string>
			<key>isa</key>
			<string>XCConfigurationList</string>
		</dict>
		<key>112C9C33860F6B692D2C9176</key>
		<dict>
			<key>isa</key>
			<string>PBXFileReference</string>
			<key>lastKnownFileType</key>
			<string>sourcecode.swift</string>
			<key>path</key>
			<string>MockDataGenerator.swift</string>
			<key>sourceTree</key>
			<string>&lt;group&gt;</string>
		</dict>
		<key>11313B89DF1C4877E34835E1</key>
		<dict>
			<key>fileRef</key>
			<string>37F0F81F303E8575592EA2A8</string>
			<key>isa</key>
			<string>PBXBuildFile</string>
		</dict>
		<key>13FC4FABD8EB492DA45C4347</key>
		<dict>
			<key>fileRef</key>
			<string>52C031DD5C20CD258B8BAF8A</string>
			<key>isa</key>
			<string>PBXBuildFile</string>
		</dict>
		<key>18E7AC235BBB27133A7EA786</key>
		<dict>
			<key>isa</key>
			<string>PBXFileReference</string>
			<key>lastKnownFileType</key>
			<string>sourcecode.swift</string>
			<key>path</key>
			<string>PetState.swift</string>
			<key>sourceTree</key>
			<string>&lt;group&gt;</string>
		</dict>
		<key>1AB1DC449D703CBB26A3F617</key>
		<dict>
			<key>buildSettings</key>
			<dict>
				<key>ASSETCATALOG_COMPILER_APPICON_NAME</key>
				<string>AppIcon</string>
				<key>CODE_SIGNING_REQUIRED</key>
				<string>NO</string>
				<key>CODE_SIGN_ENTITLEMENTS</key>
				<string>Neptune/Neptune.entitlements</string>
				<key>CODE_SIGN_IDENTITY</key>
				<string>-</string>
				<key>COMBINE_HIDPI_IMAGES</key>
				<string>YES</string>
				<key>ENABLE_HARDENED_RUNTIME</key>
				<string>NO</string>
				<key>INFOPLIST_FILE</key>
				<string>Neptune/Info.plist</string>
				<key>LD_RUNPATH_SEARCH_PATHS</key>
				<array>
					<string>$(inherited)</string>
					<string>@executable_path/../Frameworks</string>
				</array>
				<key>PRODUCT_NAME</key>
				<string>Neptune</string>
				<key>SDKROOT</key>
				<string>macosx</string>
			</dict>
			<key>isa</key>
			<string>XCBuildConfiguration</string>
			<key>name</key>
			<string>Debug</string>
		</dict>
		<key>1BE187D0D2D693C4E786463B</key>
		<dict>
			<key>fileRef</key>
			<string>0121508CB09A6A274CA54042</string>
			<key>isa</key>
			<string>PBXBuildFile</string>
		</dict>
		<key>1D44EEECC5C9E20C8EBA2F11</key>
		<dict>
			<key>fileRef</key>
			<string>78389C7BFC67949BD8016A0B</string>
			<key>isa</key>
			<string>PBXBuildFile</string>
		</dict>
		<key>245BC252B832A427368070D4</key>
		<dict>
			<key>children</key>
			<array>
				<string>78389C7BFC67949BD8016A0B</string>
				<string>2D554AF17C0E9A74C0557B51</string>
			</array>
			<key>isa</key>
			<string>PBXGroup</string>
			<key>path</key>
			<string>App</string>
			<key>sourceTree</key>
			<string>&lt;group&gt;</string>
		</dict>
		<key>24D3F26331429BC66759C8BB</key>
		<dict>
			<key>fileRef</key>
			<string>CD1FC792909151A415F4DDE9</string>
			<key>isa</key>
			<string>PBXBuildFile</string>
		</dict>
		<key>25CCE03F1F81A49FB259875C</key>
		<dict>
			<key>fileRef</key>
			<string>18E7AC235BBB27133A7EA786</string>
			<key>isa</key>
			<string>PBXBuildFile</string>
		</dict>
		<key>28E9CC490C03A7BDC3574B0F</key>
		<dict>
			<key>fileRef</key>
			<string>9729E59845DD821165800A96</string>
			<key>isa</key>
			<string>PBXBuildFile</string>
		</dict>
		<key>2D554AF17C0E9A74C0557B51</key>
		<dict>
			<key>isa</key>
			<string>PBXFileReference</string>
			<key>lastKnownFileType</key>
			<string>sourcecode.swift</string>
			<key>path</key>
			<string>ContentView.swift</string>
			<key>sourceTree</key>
			<string>&lt;group&gt;</string>
		</dict>
		<key>2F09F5899730C526FFF53972</key>
		<dict>
			<key>children</key>
			<array>
				<string>D559176CA7959BF129DEE04A</string>
				<string>656E8AFFC59D3AC97491FD78</string>
				<string>245BC252B832A427368070D4</string>
				<string>F0D9DA8C122854344C333017</string>
				<string>3C04707E83F17BFCD3D987B9</string>
				<string>AD112DE954C2DFD7B504A343</string>
				<string>E7F414B8485FCB7B009C41F3</string>
			</array>
			<key>isa</key>
			<string>PBXGroup</string>
			<key>path</key>
			<string>Neptune</string>
			<key>sourceTree</key>
			<string>&lt;group&gt;</string>
		</dict>
		<key>2FB94024EA622B971B657625</key>
		<dict>
			<key>buildConfigurationList</key>
			<string>0F375CD7FDA08B4B46199BFB</string>
			<key>buildPhases</key>
			<array>
				<string>3B066180905B438654FE54ED</string>
				<string>DD33EA4A901BF3D83F23823E</string>
			</array>
			<key>buildRules</key>
			<array/>
			<key>dependencies</key>
			<array/>
			<key>isa</key>
			<string>PBXNativeTarget</string>
			<key>name</key>
			<string>Neptune</string>
			<key>packageProductDependencies</key>
			<array/>
			<key>productName</key>
			<string>Neptune</string>
			<key>productReference</key>
			<string>417754F6616BBCBC9293BF1B</string>
			<key>productType</key>
			<string>com.apple.product-type.application</string>
		</dict>
		<key>37F0F81F303E8575592EA2A8</key>
		<dict>
			<key>isa</key>
			<string>PBXFileReference</string>
			<key>lastKnownFileType</key>
			<string>sourcecode.swift</string>
			<key>path</key>
			<string>SettingsView.swift</string>
			<key>sourceTree</key>
			<string>&lt;group&gt;</string>
		</dict>
		<key>3B066180905B438654FE54ED</key>
		<dict>
			<key>buildActionMask</key>
			<string>2147483647</string>
			<key>files</key>
			<array>
				<string>A781262FC8469A644C216C62</string>
				<string>FF7973B7D7CE1B7EE73690CD</string>
				<string>24D3F26331429BC66759C8BB</string>
				<string>970F25C25791BA1988F0AFAD</string>
				<string>1D44EEECC5C9E20C8EBA2F11</string>
				<string>057A268310963260913E46FF</string>
				<string>28E9CC490C03A7BDC3574B0F</string>
				<string>EA42F398FBAD205A4020C70E</string>
				<string>E94C7E5DD643E3E176DBA40B</string>
				<string>CDD24117E669D0973B7C1DA2</string>
				<string>25CCE03F1F81A49FB259875C</string>
				<string>1BE187D0D2D693C4E786463B</string>
				<string>13FC4FABD8EB492DA45C4347</string>
				<string>11313B89DF1C4877E34835E1</string>
				<string>D4DD0582C3524E2684386B98</string>
				<string>8FD1C995ABAA489B984F98FA</string>
				<string>E05AEEB6B3A54DE285CEF5FE</string>
				<string>56209B2BFAD14A2C805C220F</string>
				<string>0E0914A1B6A040A38E124F52</string>
				<string>6843972A312F464792BFD8FC</string>
				<string>B638C833EA874A6081E0087A</string>
				<string>62FF9EA0C17A4B3BB07193B8</string>
				<string>AD192DC4B94F4FDCB1DD32D5</string>
				<string>5BD89C868758195CFA33A792</string>
				<string>DF8960403DCF77CA7BA094D8</string>
				<string>3438893E15901F9A57EDA099</string>
				<string>4E10963EC412660A260BB8BE</string>
			</array>
			<key>isa</key>
			<string>PBXSourcesBuildPhase</string>
			<key>runOnlyForDeploymentPostprocessing</key>
			<string>0</string>
		</dict>
		<key>3C04707E83F17BFCD3D987B9</key>
		<dict>
			<key>children</key>
			<array>
				<string>D2CC5B0CD2215289F5B1FC33</string>
				<string>4DD4FC93B1112AE09BEAC4EF</string>
			</array>
			<key>isa</key>
			<string>PBXGroup</string>
			<key>path</key>
			<string>Resources</string>
			<key>sourceTree</key>
			<string>&lt;group&gt;</string>
		</dict>
		<key>417754F6616BBCBC9293BF1B</key>
		<dict>
			<key>explicitFileType</key>
			<string>wrapper.application</string>
			<key>includeInIndex</key>
			<string>0</string>
			<key>isa</key>
			<string>PBXFileReference</string>
			<key>path</key>
			<string>Neptune.app</string>
			<key>sourceTree</key>
			<string>BUILT_PRODUCTS_DIR</string>
		</dict>
		<key>44E577B1D3AAD6A8670F14AA</key>
		<dict>
			<key>children</key>
			<array>
				<string>417754F6616BBCBC9293BF1B</string>
			</array>
			<key>isa</key>
			<string>PBXGroup</string>
			<key>name</key>
			<string>Products</string>
			<key>sourceTree</key>
			<string>&lt;group&gt;</string>
		</dict>
		<key>4DD4FC93B1112AE09BEAC4EF</key>
		<dict>
			<key>isa</key>
			<string>PBXFileReference</string>
			<key>lastKnownFileType</key>
			<string>text.json</string>
			<key>path</key>
			<string>state.json</string>
			<key>sourceTree</key>
			<string>&lt;group&gt;</string>
		</dict>
		<key>4E84314F56FE43929D6A5F2B</key>
		<dict>
			<key>isa</key>
			<string>PBXFileReference</string>
			<key>lastKnownFileType</key>
			<string>sourcecode.swift</string>
			<key>path</key>
			<string>Neptune/Services/ActivityMonitor.swift</string>
			<key>sourceTree</key>
			<string>&lt;group&gt;</string>
		</dict>
		<key>E7A4BFD85F1E4F0EA86538C0</key>
		<dict>
			<key>isa</key>
			<string>PBXFileReference</string>
			<key>lastKnownFileType</key>
			<string>sourcecode.swift</string>
			<key>path</key>
			<string>ProcessManager.swift</string>
			<key>sourceTree</key>
			<string>&lt;group&gt;</string>
		</dict>
		<key>1CD8BA3A63E440608E7D2940</key>
		<dict>
			<key>isa</key>
			<string>PBXFileReference</string>
			<key>lastKnownFileType</key>
			<string>sourcecode.swift</string>
			<key>path</key>
			<string>StateManager.swift</string>
			<key>sourceTree</key>
			<string>&lt;group&gt;</string>
		</dict>
		<key>7F784908A1CA6247982701E8</key>
		<dict>
			<key>isa</key>
			<string>PBXFileReference</string>
			<key>lastKnownFileType</key>
			<string>sourcecode.swift</string>
			<key>path</key>
			<string>ProviderAdapter.swift</string>
			<key>sourceTree</key>
			<string>&lt;group&gt;</string>
		</dict>
		<key>FBA68B4751A820D6CB32577F</key>
		<dict>
			<key>isa</key>
			<string>PBXFileReference</string>
			<key>lastKnownFileType</key>
			<string>sourcecode.swift</string>
			<key>path</key>
			<string>ClaudeCodeCLIAdapter.swift</string>
			<key>sourceTree</key>
			<string>&lt;group&gt;</string>
		</dict>
		<key>86301BB9829C077573A5D1E4</key>
		<dict>
			<key>isa</key>
			<string>PBXFileReference</string>
			<key>lastKnownFileType</key>
			<string>sourcecode.swift</string>
			<key>path</key>
			<string>ClaudeDesktopAdapter.swift</string>
			<key>sourceTree</key>
			<string>&lt;group&gt;</string>
		</dict>
		<key>4B69766568B26B4DD5EFB2E9</key>
		<dict>
			<key>isa</key>
			<string>PBXFileReference</string>
			<key>lastKnownFileType</key>
			<string>sourcecode.swift</string>
			<key>path</key>
			<string>VSCodeAdapter.swift</string>
			<key>sourceTree</key>
			<string>&lt;group&gt;</string>
		</dict>
		<key>A103A9B17AD7455C95747882</key>
		<dict>
			<key>isa</key>
			<string>PBXFileReference</string>
			<key>lastKnownFileType</key>
			<string>sourcecode.swift</string>
			<key>path</key>
			<string>SkillRegistry.swift</string>
			<key>sourceTree</key>
			<string>&lt;group&gt;</string>
		</dict>
		<key>466763148602448B9684E3C9</key>
		<dict>
			<key>isa</key>
			<string>PBXFileReference</string>
			<key>lastKnownFileType</key>
			<string>sourcecode.swift</string>
			<key>path</key>
			<string>AgentOrchestrator.swift</string>
			<key>sourceTree</key>
			<string>&lt;group&gt;</string>
		</dict>
		<key>AD3F9EA684A542E5BF9EF3C1</key>
		<dict>
			<key>isa</key>
			<string>PBXFileReference</string>
			<key>lastKnownFileType</key>
			<string>sourcecode.swift</string>
			<key>path</key>
			<string>ClaudeCodeRunner.swift</string>
			<key>sourceTree</key>
			<string>&lt;group&gt;</string>
		</dict>
		<key>52C031DD5C20CD258B8BAF8A</key>
		<dict>
			<key>isa</key>
			<string>PBXFileReference</string>
			<key>lastKnownFileType</key>
			<string>sourcecode.swift</string>
			<key>path</key>
			<string>PixelPetView.swift</string>
			<key>sourceTree</key>
			<string>&lt;group&gt;</string>
		</dict>
		<key>656E8AFFC59D3AC97491FD78</key>
		<dict>
			<key>isa</key>
			<string>PBXFileReference</string>
			<key>lastKnownFileType</key>
			<string>text.plist</string>
			<key>path</key>
			<string>Info.plist</string>
			<key>sourceTree</key>
			<string>&lt;group&gt;</string>
		</dict>
		<key>68D7D6C5095FAC59A257C752</key>
		<dict>
			<key>children</key>
			<array>
				<string>9DC06DCBC31067A659595898</string>
				<string>52C031DD5C20CD258B8BAF8A</string>
			</array>
			<key>isa</key>
			<string>PBXGroup</string>
			<key>path</key>
			<string>Pet</string>
			<key>sourceTree</key>
			<string>&lt;group&gt;</string>
		</dict>
		<key>6D5A0AF03339721F260528D0</key>
		<dict>
			<key>isa</key>
			<string>PBXFileReference</string>
			<key>lastKnownFileType</key>
			<string>sourcecode.swift</string>
			<key>path</key>
			<string>AppSettings.swift</string>
			<key>sourceTree</key>
			<string>&lt;group&gt;</string>
		</dict>
		<key>D2065EDCB9D34044A82F2662</key>
		<dict>
			<key>isa</key>
			<string>PBXFileReference</string>
			<key>lastKnownFileType</key>
			<string>sourcecode.swift</string>
			<key>path</key>
			<string>TaskGraph.swift</string>
			<key>sourceTree</key>
			<string>&lt;group&gt;</string>
		</dict>
		<key>F524137AF9F747EB8D19EDCB</key>
		<dict>
			<key>isa</key>
			<string>PBXFileReference</string>
			<key>lastKnownFileType</key>
			<string>sourcecode.swift</string>
			<key>path</key>
			<string>ProjectContext.swift</string>
			<key>sourceTree</key>
			<string>&lt;group&gt;</string>
		</dict>
		<key>AD5EA4DDF99247BCBA26885C</key>
		<dict>
			<key>isa</key>
			<string>PBXFileReference</string>
			<key>lastKnownFileType</key>
			<string>sourcecode.swift</string>
			<key>path</key>
			<string>Skill.swift</string>
			<key>sourceTree</key>
			<string>&lt;group&gt;</string>
		</dict>
		<key>72FCA578EDAD9E54984CC49F</key>
		<dict>
			<key>isa</key>
			<string>PBXFileReference</string>
			<key>lastKnownFileType</key>
			<string>sourcecode.swift</string>
			<key>path</key>
			<string>Agent.swift</string>
			<key>sourceTree</key>
			<string>&lt;group&gt;</string>
		</dict>
		<key>740E0208C61A09138894B2F0</key>
		<dict>
			<key>children</key>
			<array>
				<string>7C96BF5BEEE5612FBCC09D0F</string>
			</array>
			<key>isa</key>
			<string>PBXGroup</string>
			<key>path</key>
			<string>MenuBar</string>
			<key>sourceTree</key>
			<string>&lt;group&gt;</string>
		</dict>
		<key>78389C7BFC67949BD8016A0B</key>
		<dict>
			<key>isa</key>
			<string>PBXFileReference</string>
			<key>lastKnownFileType</key>
			<string>sourcecode.swift</string>
			<key>path</key>
			<string>NeptuneApp.swift</string>
			<key>sourceTree</key>
			<string>&lt;group&gt;</string>
		</dict>
		<key>7C96BF5BEEE5612FBCC09D0F</key>
		<dict>
			<key>isa</key>
			<string>PBXFileReference</string>
			<key>lastKnownFileType</key>
			<string>sourcecode.swift</string>
			<key>path</key>
			<string>MenuBarView.swift</string>
			<key>sourceTree</key>
			<string>&lt;group&gt;</string>
		</dict>
		<key>95401C4C80F260EE3A6C55F9</key>
		<dict>
			<key>fileRef</key>
			<string>4DD4FC93B1112AE09BEAC4EF</string>
			<key>isa</key>
			<string>PBXBuildFile</string>
		</dict>
		<key>970F25C25791BA1988F0AFAD</key>
		<dict>
			<key>fileRef</key>
			<string>6D5A0AF03339721F260528D0</string>
			<key>isa</key>
			<string>PBXBuildFile</string>
		</dict>
		<key>9729E59845DD821165800A96</key>
		<dict>
			<key>isa</key>
			<string>PBXFileReference</string>
			<key>lastKnownFileType</key>
			<string>sourcecode.swift</string>
			<key>path</key>
			<string>DashboardView.swift</string>
			<key>sourceTree</key>
			<string>&lt;group&gt;</string>
		</dict>
		<key>98ED1FEE13360552B2589F29</key>
		<dict>
			<key>isa</key>
			<string>PBXFileReference</string>
			<key>lastKnownFileType</key>
			<string>sourcecode.swift</string>
			<key>path</key>
			<string>AgentRowView.swift</string>
			<key>sourceTree</key>
			<string>&lt;group&gt;</string>
		</dict>
		<key>9DC06DCBC31067A659595898</key>
		<dict>
			<key>isa</key>
			<string>PBXFileReference</string>
			<key>lastKnownFileType</key>
			<string>sourcecode.swift</string>
			<key>path</key>
			<string>FloatingDockWindow.swift</string>
			<key>sourceTree</key>
			<string>&lt;group&gt;</string>
		</dict>
		<key>A736DEC470A704C2EBD17B47</key>
		<dict>
			<key>buildSettings</key>
			<dict>
				<key>ASSETCATALOG_COMPILER_APPICON_NAME</key>
				<string>AppIcon</string>
				<key>CODE_SIGNING_REQUIRED</key>
				<string>NO</string>
				<key>CODE_SIGN_ENTITLEMENTS</key>
				<string>Neptune/Neptune.entitlements</string>
				<key>CODE_SIGN_IDENTITY</key>
				<string>-</string>
				<key>COMBINE_HIDPI_IMAGES</key>
				<string>YES</string>
				<key>ENABLE_HARDENED_RUNTIME</key>
				<string>NO</string>
				<key>INFOPLIST_FILE</key>
				<string>Neptune/Info.plist</string>
				<key>LD_RUNPATH_SEARCH_PATHS</key>
				<array>
					<string>$(inherited)</string>
					<string>@executable_path/../Frameworks</string>
				</array>
				<key>PRODUCT_NAME</key>
				<string>Neptune</string>
				<key>SDKROOT</key>
				<string>macosx</string>
			</dict>
			<key>isa</key>
			<string>XCBuildConfiguration</string>
			<key>name</key>
			<string>Release</string>
		</dict>
		<key>A781262FC8469A644C216C62</key>
		<dict>
			<key>fileRef</key>
			<string>72FCA578EDAD9E54984CC49F</string>
			<key>isa</key>
			<string>PBXBuildFile</string>
		</dict>
		<key>AA7334EE5D29FF299CB83F4A</key>
		<dict>
			<key>children</key>
			<array>
				<string>98ED1FEE13360552B2589F29</string>
				<string>9729E59845DD821165800A96</string>
			</array>
			<key>isa</key>
			<string>PBXGroup</string>
			<key>path</key>
			<string>Dashboard</string>
			<key>sourceTree</key>
			<string>&lt;group&gt;</string>
		</dict>
		<key>AC22F3DBF017009EB129DAE1</key>
		<dict>
			<key>fileRef</key>
			<string>D2CC5B0CD2215289F5B1FC33</string>
			<key>isa</key>
			<string>PBXBuildFile</string>
		</dict>
		<key>AD112DE954C2DFD7B504A343</key>
		<dict>
			<key>children</key>
			<array>
				<string>CD1FC792909151A415F4DDE9</string>
				<string>112C9C33860F6B692D2C9176</string>
				<string>0121508CB09A6A274CA54042</string>
				<string>E7A4BFD85F1E4F0EA86538C0</string>
				<string>1CD8BA3A63E440608E7D2940</string>
				<string>A103A9B17AD7455C95747882</string>
				<string>466763148602448B9684E3C9</string>
				<string>AD3F9EA684A542E5BF9EF3C1</string>
				<string>7F784908A1CA6247982701E8</string>
				<string>FBA68B4751A820D6CB32577F</string>
				<string>86301BB9829C077573A5D1E4</string>
				<string>4B69766568B26B4DD5EFB2E9</string>
			</array>
			<key>isa</key>
			<string>PBXGroup</string>
			<key>path</key>
			<string>Services</string>
			<key>sourceTree</key>
			<string>&lt;group&gt;</string>
		</dict>
		<key>B22B28C799CDFB436AB86CBA</key>
		<dict>
			<key>buildConfigurations</key>
			<array>
				<string>0174E6623847CB205FAF88D3</string>
				<string>0D6326D37ECD82A51C6BB58C</string>
			</array>
			<key>defaultConfigurationIsVisible</key>
			<string>0</string>
			<key>defaultConfigurationName</key>
			<string>Debug</string>
			<key>isa</key>
			<string>XCConfigurationList</string>
		</dict>
		<key>BD04DA7A946A6D86798A3E16</key>
		<dict>
			<key>children</key>
			<array>
				<string>2F09F5899730C526FFF53972</string>
				<string>44E577B1D3AAD6A8670F14AA</string>
			</array>
			<key>isa</key>
			<string>PBXGroup</string>
			<key>sourceTree</key>
			<string>&lt;group&gt;</string>
		</dict>
		<key>CD1FC792909151A415F4DDE9</key>
		<dict>
			<key>isa</key>
			<string>PBXFileReference</string>
			<key>lastKnownFileType</key>
			<string>sourcecode.swift</string>
			<key>path</key>
			<string>AgentStateWatcher.swift</string>
			<key>sourceTree</key>
			<string>&lt;group&gt;</string>
		</dict>
		<key>CDD24117E669D0973B7C1DA2</key>
		<dict>
			<key>fileRef</key>
			<string>112C9C33860F6B692D2C9176</string>
			<key>isa</key>
			<string>PBXBuildFile</string>
		</dict>
		<key>8FD1C995ABAA489B984F98FA</key>
		<dict>
			<key>fileRef</key>
			<string>E7A4BFD85F1E4F0EA86538C0</string>
			<key>isa</key>
			<string>PBXBuildFile</string>
		</dict>
		<key>B638C833EA874A6081E0087A</key>
		<dict>
			<key>fileRef</key>
			<string>D2065EDCB9D34044A82F2662</string>
			<key>isa</key>
			<string>PBXBuildFile</string>
		</dict>
		<key>62FF9EA0C17A4B3BB07193B8</key>
		<dict>
			<key>fileRef</key>
			<string>F524137AF9F747EB8D19EDCB</string>
			<key>isa</key>
			<string>PBXBuildFile</string>
		</dict>
		<key>AD192DC4B94F4FDCB1DD32D5</key>
		<dict>
			<key>fileRef</key>
			<string>AD5EA4DDF99247BCBA26885C</string>
			<key>isa</key>
			<string>PBXBuildFile</string>
		</dict>
		<key>E05AEEB6B3A54DE285CEF5FE</key>
		<dict>
			<key>fileRef</key>
			<string>1CD8BA3A63E440608E7D2940</string>
			<key>isa</key>
			<string>PBXBuildFile</string>
		</dict>
		<key>56209B2BFAD14A2C805C220F</key>
		<dict>
			<key>fileRef</key>
			<string>A103A9B17AD7455C95747882</string>
			<key>isa</key>
			<string>PBXBuildFile</string>
		</dict>
		<key>0E0914A1B6A040A38E124F52</key>
		<dict>
			<key>fileRef</key>
			<string>466763148602448B9684E3C9</string>
			<key>isa</key>
			<string>PBXBuildFile</string>
		</dict>
		<key>6843972A312F464792BFD8FC</key>
		<dict>
			<key>fileRef</key>
			<string>AD3F9EA684A542E5BF9EF3C1</string>
			<key>isa</key>
			<string>PBXBuildFile</string>
		</dict>
		<key>5BD89C868758195CFA33A792</key>
		<dict>
			<key>fileRef</key>
			<string>7F784908A1CA6247982701E8</string>
			<key>isa</key>
			<string>PBXBuildFile</string>
		</dict>
		<key>DF8960403DCF77CA7BA094D8</key>
		<dict>
			<key>fileRef</key>
			<string>FBA68B4751A820D6CB32577F</string>
			<key>isa</key>
			<string>PBXBuildFile</string>
		</dict>
		<key>3438893E15901F9A57EDA099</key>
		<dict>
			<key>fileRef</key>
			<string>86301BB9829C077573A5D1E4</string>
			<key>isa</key>
			<string>PBXBuildFile</string>
		</dict>
		<key>4E10963EC412660A260BB8BE</key>
		<dict>
			<key>fileRef</key>
			<string>4B69766568B26B4DD5EFB2E9</string>
			<key>isa</key>
			<string>PBXBuildFile</string>
		</dict>
		<key>D2CC5B0CD2215289F5B1FC33</key>
		<dict>
			<key>isa</key>
			<string>PBXFileReference</string>
			<key>lastKnownFileType</key>
			<string>folder.assetcatalog</string>
			<key>path</key>
			<string>Assets.xcassets</string>
			<key>sourceTree</key>
			<string>&lt;group&gt;</string>
		</dict>
		<key>D4DD0582C3524E2684386B98</key>
		<dict>
			<key>fileRef</key>
			<string>4E84314F56FE43929D6A5F2B</string>
			<key>isa</key>
			<string>PBXBuildFile</string>
		</dict>
		<key>D559176CA7959BF129DEE04A</key>
		<dict>
			<key>isa</key>
			<string>PBXFileReference</string>
			<key>lastKnownFileType</key>
			<string>text.plist.entitlements</string>
			<key>path</key>
			<string>Neptune.entitlements</string>
			<key>sourceTree</key>
			<string>&lt;group&gt;</string>
		</dict>
		<key>DD33EA4A901BF3D83F23823E</key>
		<dict>
			<key>buildActionMask</key>
			<string>2147483647</string>
			<key>files</key>
			<array>
				<string>AC22F3DBF017009EB129DAE1</string>
				<string>95401C4C80F260EE3A6C55F9</string>
			</array>
			<key>isa</key>
			<string>PBXResourcesBuildPhase</string>
			<key>runOnlyForDeploymentPostprocessing</key>
			<string>0</string>
		</dict>
		<key>E7F414B8485FCB7B009C41F3</key>
		<dict>
			<key>children</key>
			<array>
				<string>AA7334EE5D29FF299CB83F4A</string>
				<string>740E0208C61A09138894B2F0</string>
				<string>68D7D6C5095FAC59A257C752</string>
				<string>FED616B86969FAECC1816A91</string>
			</array>
			<key>isa</key>
			<string>PBXGroup</string>
			<key>path</key>
			<string>Views</string>
			<key>sourceTree</key>
			<string>&lt;group&gt;</string>
		</dict>
		<key>E94C7E5DD643E3E176DBA40B</key>
		<dict>
			<key>fileRef</key>
			<string>7C96BF5BEEE5612FBCC09D0F</string>
			<key>isa</key>
			<string>PBXBuildFile</string>
		</dict>
		<key>EA42F398FBAD205A4020C70E</key>
		<dict>
			<key>fileRef</key>
			<string>9DC06DCBC31067A659595898</string>
			<key>isa</key>
			<string>PBXBuildFile</string>
		</dict>
		<key>F0D9DA8C122854344C333017</key>
		<dict>
			<key>children</key>
			<array>
				<string>72FCA578EDAD9E54984CC49F</string>
				<string>6D5A0AF03339721F260528D0</string>
				<string>18E7AC235BBB27133A7EA786</string>
				<string>D2065EDCB9D34044A82F2662</string>
				<string>F524137AF9F747EB8D19EDCB</string>
				<string>AD5EA4DDF99247BCBA26885C</string>
			</array>
			<key>isa</key>
			<string>PBXGroup</string>
			<key>path</key>
			<string>Models</string>
			<key>sourceTree</key>
			<string>&lt;group&gt;</string>
		</dict>
		<key>FED616B86969FAECC1816A91</key>
		<dict>
			<key>children</key>
			<array>
				<string>37F0F81F303E8575592EA2A8</string>
			</array>
			<key>isa</key>
			<string>PBXGroup</string>
			<key>path</key>
			<string>Settings</string>
			<key>sourceTree</key>
			<string>&lt;group&gt;</string>
		</dict>
		<key>FF7973B7D7CE1B7EE73690CD</key>
		<dict>
			<key>fileRef</key>
			<string>98ED1FEE13360552B2589F29</string>
			<key>isa</key>
			<string>PBXBuildFile</string>
		</dict>
	</dict>
	<key>rootObject</key>
	<string>00ADE5E2BB4C30EAEC707B14</string>
</dict>
</plist>
